
Microsoft Visual Studio Solution File, Format Version 12.00
# Visual Studio Version 17
VisualStudioVersion = 17.4.33213.308
MinimumVisualStudioVersion = 10.0.40219.1
Project("{9A19103F-16F7-4668-BE54-9A1E7A4F7556}") = "BulkyBookWeb", "BulkyBookWeb\BulkyBookWeb.csproj", "{0152FC9E-5B7D-473F-AC54-7A87338860DD}"
EndProject
Project("{FAE04EC0-301F-11D3-BF4B-00C04F79EFBC}") = "BulkyBook.DataAccess", "BulkyBook.DataAccess\BulkyBook.DataAccess.csproj", "{2CBCD823-0EAD-4840-8616-F1C42D8A9853}"
EndProject
Project("{FAE04EC0-301F-11D3-BF4B-00C04F79EFBC}") = "BulkyBook.Models", "BulkyBook.Models\BulkyBook.Models.csproj", "{85A0363D-846F-4B51-8DAC-549CF0C6D111}"
EndProject
Project("{FAE04EC0-301F-11D3-BF4B-00C04F79EFBC}") = "BulkyBook.Utility", "BulkyBook.Utility\BulkyBook.Utility.csproj", "{A0EB33B6-0F2D-4E6E-AD76-4247204B10B3}"
EndProject
Global
	GlobalSection(SolutionConfigurationPlatforms) = preSolution
		Debug|Any CPU = Debug|Any CPU
		Release|Any CPU = Release|Any CPU
	EndGlobalSection
	GlobalSection(ProjectConfigurationPlatforms) = postSolution
		{0152FC9E-5B7D-473F-AC54-7A87338860DD}.Debug|Any CPU.ActiveCfg = Debug|Any CPU
		{0152FC9E-5B7D-473F-AC54-7A87338860DD}.Debug|Any CPU.Build.0 = Debug|Any CPU
		{0152FC9E-5B7D-473F-AC54-7A87338860DD}.Release|Any CPU.ActiveCfg = Release|Any CPU
		{0152FC9E-5B7D-473F-AC54-7A87338860DD}.Release|Any CPU.Build.0 = Release|Any CPU
		{2CBCD823-0EAD-4840-8616-F1C42D8A9853}.Debug|Any CPU.ActiveCfg = Debug|Any CPU
		{2CBCD823-0EAD-4840-8616-F1C42D8A9853}.Debug|Any CPU.Build.0 = Debug|Any CPU
		{2CBCD823-0EAD-4840-8616-F1C42D8A9853}.Release|Any CPU.ActiveCfg = Release|Any CPU
		{2CBCD823-0EAD-4840-8616-F1C42D8A9853}.Release|Any CPU.Build.0 = Release|Any CPU
		{85A0363D-846F-4B51-8DAC-549CF0C6D111}.Debug|Any CPU.ActiveCfg = Debug|Any CPU
		{85A0363D-846F-4B51-8DAC-549CF0C6D111}.Debug|Any CPU.Build.0 = Debug|Any CPU
		{85A0363D-846F-4B51-8DAC-549CF0C6D111}.Release|Any CPU.ActiveCfg = Release|Any CPU
		{85A0363D-846F-4B51-8DAC-549CF0C6D111}.Release|Any CPU.Build.0 = Release|Any CPU
		{A0EB33B6-0F2D-4E6E-AD76-4247204B10B3}.Debug|Any CPU.ActiveCfg = Debug|Any CPU
		{A0EB33B6-0F2D-4E6E-AD76-4247204B10B3}.Debug|Any CPU.Build.0 = Debug|Any CPU
		{A0EB33B6-0F2D-4E6E-AD76-4247204B10B3}.Release|Any CPU.ActiveCfg = Release|Any CPU
		{A0EB33B6-0F2D-4E6E-AD76-4247204B10B3}.Release|Any CPU.Build.0 = Release|Any CPU
	EndGlobalSection
	GlobalSection(SolutionProperties) = preSolution
		HideSolutionNode = FALSE
	EndGlobalSection
	GlobalSection(ExtensibilityGlobals) = postSolution
		SolutionGuid = {FAF7DB5E-AF85-49BF-BBA9-4F6E8D7F4CB2}
	EndGlobalSection
EndGlobal
